
Microsoft Visual Studio Solution File, Format Version 12.00
# Visual Studio Version 17
VisualStudioVersion = 17.2.32630.192
MinimumVisualStudioVersion = 10.0.40219.1
Project("{888888A0-9F3D-457C-B088-3A5042F75D52}") = "Gato5", "Gato5\Gato5.pyproj", "{3ADB787A-6510-420D-8EE6-3A27AF902298}"
EndProject
Global
	GlobalSection(SolutionConfigurationPlatforms) = preSolution
		Debug|Any CPU = Debug|Any CPU
		Release|Any CPU = Release|Any CPU
	EndGlobalSection
	GlobalSection(ProjectConfigurationPlatforms) = postSolution
		{3ADB787A-6510-420D-8EE6-3A27AF902298}.Debug|Any CPU.ActiveCfg = Debug|Any CPU
		{3ADB787A-6510-420D-8EE6-3A27AF902298}.Release|Any CPU.ActiveCfg = Release|Any CPU
	EndGlobalSection
	GlobalSection(SolutionProperties) = preSolution
		HideSolutionNode = FALSE
	EndGlobalSection
	GlobalSection(ExtensibilityGlobals) = postSolution
		SolutionGuid = {8C14DBA4-1190-4E59-895F-79E644FCF2EA}
	EndGlobalSection
EndGlobal
